{
  "# Continue to the next step on failure\ncontinue-on-error: true": [
    {
      "file": ".github/workflows/current.yml",
      "lines": [
        88,
        101
      ]
    },
    {
      "file": ".github/workflows/dep-heads.yml",
      "lines": [
        98,
        111
      ]
    },
    {
      "file": ".github/workflows/heads.yml",
      "lines": [
        97,
        110
      ]
    },
    {
      "file": ".github/workflows/truffle.yml",
      "lines": [
        73,
        86
      ]
    }
  ],
  "if: ${{ !env.ACT || (! startsWith(matrix.ruby, 'jruby') && !startsWith(matrix.ruby, 'truffleruby')) }}\nrun: bundle install": [
    {
      "file": ".github/workflows/current.yml",
      "lines": [
        81,
        86
      ]
    },
    {
      "file": ".github/workflows/dep-heads.yml",
      "lines": [
        91,
        96
      ]
    },
    {
      "file": ".github/workflows/heads.yml",
      "lines": [
        90,
        95
      ]
    },
    {
      "file": ".github/workflows/truffle.yml",
      "lines": [
        66,
        71
      ]
    }
  ]
}
